
Microsoft Visual Studio Solution File, Format Version 12.00
# Visual Studio 15
VisualStudioVersion = 15.0.28010.2003
MinimumVisualStudioVersion = 10.0.40219.1
Project("{FAE04EC0-301F-11D3-BF4B-00C04F79EFBC}") = "TurtleGraphics", "TurtleGraphics\TurtleGraphics.csproj", "{2285542F-0055-4FE1-9220-12E39FC5B306}"
EndProject
Global
	GlobalSection(SolutionConfigurationPlatforms) = preSolution
		Debug|Any CPU = Debug|Any CPU
		Release|Any CPU = Release|Any CPU
	EndGlobalSection
	GlobalSection(ProjectConfigurationPlatforms) = postSolution
		{2285542F-0055-4FE1-9220-12E39FC5B306}.Debug|Any CPU.ActiveCfg = Debug|Any CPU
		{2285542F-0055-4FE1-9220-12E39FC5B306}.Debug|Any CPU.Build.0 = Debug|Any CPU
		{2285542F-0055-4FE1-9220-12E39FC5B306}.Release|Any CPU.ActiveCfg = Release|Any CPU
		{2285542F-0055-4FE1-9220-12E39FC5B306}.Release|Any CPU.Build.0 = Release|Any CPU
	EndGlobalSection
	GlobalSection(SolutionProperties) = preSolution
		HideSolutionNode = FALSE
	EndGlobalSection
	GlobalSection(ExtensibilityGlobals) = postSolution
		SolutionGuid = {3C1FDCA7-0E5E-4758-AD91-DE66390307EE}
	EndGlobalSection
EndGlobal
